
Microsoft Visual Studio Solution File, Format Version 12.00
# Visual Studio 15
VisualStudioVersion = 15.0.28307.136
MinimumVisualStudioVersion = 10.0.40219.1
Project("{9A19103F-16F7-4668-BE54-9A1E7A4F7556}") = "ProCrib.Domain", "ProCrib.Domain\ProCrib.Domain.csproj", "{D5699BA4-D41A-4FC7-9537-A641A03D1337}"
EndProject
Project("{9A19103F-16F7-4668-BE54-9A1E7A4F7556}") = "ProCrib.Data", "ProCrib.Data\ProCrib.Data.csproj", "{0CFBDBE4-0144-4DB8-82F4-C2E51DF895F3}"
EndProject
Project("{9A19103F-16F7-4668-BE54-9A1E7A4F7556}") = "ProCrib.ApplicationLogic", "ProCrib.ApplicationLogic\ProCrib.ApplicationLogic.csproj", "{0EF84B5E-44C6-4AAB-951E-3BF79BB9D591}"
EndProject
Project("{FAE04EC0-301F-11D3-BF4B-00C04F79EFBC}") = "ProCrib", "ProCrib\ProCrib.csproj", "{59B378BB-5DBD-450B-AB49-D90ABF66A558}"
EndProject
Global
	GlobalSection(SolutionConfigurationPlatforms) = preSolution
		Debug|Any CPU = Debug|Any CPU
		Release|Any CPU = Release|Any CPU
	EndGlobalSection
	GlobalSection(ProjectConfigurationPlatforms) = postSolution
		{D5699BA4-D41A-4FC7-9537-A641A03D1337}.Debug|Any CPU.ActiveCfg = Debug|Any CPU
		{D5699BA4-D41A-4FC7-9537-A641A03D1337}.Debug|Any CPU.Build.0 = Debug|Any CPU
		{D5699BA4-D41A-4FC7-9537-A641A03D1337}.Release|Any CPU.ActiveCfg = Release|Any CPU
		{D5699BA4-D41A-4FC7-9537-A641A03D1337}.Release|Any CPU.Build.0 = Release|Any CPU
		{0CFBDBE4-0144-4DB8-82F4-C2E51DF895F3}.Debug|Any CPU.ActiveCfg = Debug|Any CPU
		{0CFBDBE4-0144-4DB8-82F4-C2E51DF895F3}.Debug|Any CPU.Build.0 = Debug|Any CPU
		{0CFBDBE4-0144-4DB8-82F4-C2E51DF895F3}.Release|Any CPU.ActiveCfg = Release|Any CPU
		{0CFBDBE4-0144-4DB8-82F4-C2E51DF895F3}.Release|Any CPU.Build.0 = Release|Any CPU
		{0EF84B5E-44C6-4AAB-951E-3BF79BB9D591}.Debug|Any CPU.ActiveCfg = Debug|Any CPU
		{0EF84B5E-44C6-4AAB-951E-3BF79BB9D591}.Debug|Any CPU.Build.0 = Debug|Any CPU
		{0EF84B5E-44C6-4AAB-951E-3BF79BB9D591}.Release|Any CPU.ActiveCfg = Release|Any CPU
		{0EF84B5E-44C6-4AAB-951E-3BF79BB9D591}.Release|Any CPU.Build.0 = Release|Any CPU
		{59B378BB-5DBD-450B-AB49-D90ABF66A558}.Debug|Any CPU.ActiveCfg = Debug|Any CPU
		{59B378BB-5DBD-450B-AB49-D90ABF66A558}.Debug|Any CPU.Build.0 = Debug|Any CPU
		{59B378BB-5DBD-450B-AB49-D90ABF66A558}.Release|Any CPU.ActiveCfg = Release|Any CPU
		{59B378BB-5DBD-450B-AB49-D90ABF66A558}.Release|Any CPU.Build.0 = Release|Any CPU
	EndGlobalSection
	GlobalSection(SolutionProperties) = preSolution
		HideSolutionNode = FALSE
	EndGlobalSection
	GlobalSection(ExtensibilityGlobals) = postSolution
		SolutionGuid = {13D4E9CB-B5EB-4CB3-A1E6-149D44C18515}
	EndGlobalSection
EndGlobal
